// !$*UTF8*$!
{
	archiveVersion = 1;
	classes = {
	};
	objectVersion = 46;
	objects = {

/* Begin PBXBuildFile section */
		AB113B0219FA5F1700238736 /* NotesIndex.m in Sources */ = {isa = PBXBuildFile; fileRef = AB113B0119FA5F1700238736 /* NotesIndex.m */; };
		AB754ABD19FA34E000419FCF /* AllNotesViewController.m in Sources */ = {isa = PBXBuildFile; fileRef = AB754ABC19FA34E000419FCF /* AllNotesViewController.m */; };
		AB754AC319FA514500419FCF /* NoteUtilities.m in Sources */ = {isa = PBXBuildFile; fileRef = AB754AC219FA514500419FCF /* NoteUtilities.m */; };
		AB7A7F1219FA2ABC00CCA407 /* Note.m in Sources */ = {isa = PBXBuildFile; fileRef = AB7A7F1119FA2ABC00CCA407 /* Note.m */; };
		AB853FA619E462110015E76A /* main.m in Sources */ = {isa = PBXBuildFile; fileRef = AB853FA519E462110015E76A /* main.m */; };
		AB853FA919E462110015E76A /* AppDelegate.m in Sources */ = {isa = PBXBuildFile; fileRef = AB853FA819E462110015E76A /* AppDelegate.m */; };
		AB853FAC19E462110015E76A /* NoteViewController.m in Sources */ = {isa = PBXBuildFile; fileRef = AB853FAB19E462110015E76A /* NoteViewController.m */; };
		AB853FAF19E462110015E76A /* Main.storyboard in Resources */ = {isa = PBXBuildFile; fileRef = AB853FAD19E462110015E76A /* Main.storyboard */; };
		AB853FB119E462110015E76A /* Images.xcassets in Resources */ = {isa = PBXBuildFile; fileRef = AB853FB019E462110015E76A /* Images.xcassets */; };
		AB853FB419E462110015E76A /* LaunchScreen.xib in Resources */ = {isa = PBXBuildFile; fileRef = AB853FB219E462110015E76A /* LaunchScreen.xib */; };
		AB853FC019E462110015E76A /* ljz2112_w3101_iosTests.m in Sources */ = {isa = PBXBuildFile; fileRef = AB853FBF19E462110015E76A /* ljz2112_w3101_iosTests.m */; };
/* End PBXBuildFile section */

/* Begin PBXContainerItemProxy section */
		AB853FBA19E462110015E76A /* PBXContainerItemProxy */ = {
			isa = PBXContainerItemProxy;
			containerPortal = AB853F9819E462110015E76A /* Project object */;
			proxyType = 1;
			remoteGlobalIDString = AB853F9F19E462110015E76A;
			remoteInfo = ljz2112_w3101_ios;
		};
/* End PBXContainerItemProxy section */

/* Begin PBXFileReference section */
		AB113B0019FA5F1700238736 /* NotesIndex.h */ = {isa = PBXFileReference; fileEncoding = 4; lastKnownFileType = sourcecode.c.h; path = NotesIndex.h; sourceTree = "<group>"; };
		AB113B0119FA5F1700238736 /* NotesIndex.m */ = {isa = PBXFileReference; fileEncoding = 4; lastKnownFileType = sourcecode.c.objc; path = NotesIndex.m; sourceTree = "<group>"; };
		AB754ABB19FA34E000419FCF /* AllNotesViewController.h */ = {isa = PBXFileReference; fileEncoding = 4; lastKnownFileType = sourcecode.c.h; path = AllNotesViewController.h; sourceTree = "<group>"; };
		AB754ABC19FA34E000419FCF /* AllNotesViewController.m */ = {isa = PBXFileReference; fileEncoding = 4; lastKnownFileType = sourcecode.c.objc; path = AllNotesViewController.m; sourceTree = "<group>"; };
		AB754AC119FA514500419FCF /* NoteUtilities.h */ = {isa = PBXFileReference; fileEncoding = 4; lastKnownFileType = sourcecode.c.h; path = NoteUtilities.h; sourceTree = "<group>"; };
		AB754AC219FA514500419FCF /* NoteUtilities.m */ = {isa = PBXFileReference; fileEncoding = 4; lastKnownFileType = sourcecode.c.objc; path = NoteUtilities.m; sourceTree = "<group>"; };
		AB7A7F1019FA2ABC00CCA407 /* Note.h */ = {isa = PBXFileReference; fileEncoding = 4; lastKnownFileType = sourcecode.c.h; path = Note.h; sourceTree = "<group>"; };
		AB7A7F1119FA2ABC00CCA407 /* Note.m */ = {isa = PBXFileReference; fileEncoding = 4; lastKnownFileType = sourcecode.c.objc; path = Note.m; sourceTree = "<group>"; };
		AB853FA019E462110015E76A /* ljz2112_w3101_ios.app */ = {isa = PBXFileReference; explicitFileType = wrapper.application; includeInIndex = 0; path = ljz2112_w3101_ios.app; sourceTree = BUILT_PRODUCTS_DIR; };
		AB853FA419E462110015E76A /* Info.plist */ = {isa = PBXFileReference; lastKnownFileType = text.plist.xml; path = Info.plist; sourceTree = "<group>"; };
		AB853FA519E462110015E76A /* main.m */ = {isa = PBXFileReference; lastKnownFileType = sourcecode.c.objc; path = main.m; sourceTree = "<group>"; };
		AB853FA719E462110015E76A /* AppDelegate.h */ = {isa = PBXFileReference; lastKnownFileType = sourcecode.c.h; path = AppDelegate.h; sourceTree = "<group>"; };
		AB853FA819E462110015E76A /* AppDelegate.m */ = {isa = PBXFileReference; lastKnownFileType = sourcecode.c.objc; path = AppDelegate.m; sourceTree = "<group>"; };
		AB853FAA19E462110015E76A /* NoteViewController.h */ = {isa = PBXFileReference; lastKnownFileType = sourcecode.c.h; path = NoteViewController.h; sourceTree = "<group>"; };
		AB853FAB19E462110015E76A /* NoteViewController.m */ = {isa = PBXFileReference; lastKnownFileType = sourcecode.c.objc; path = NoteViewController.m; sourceTree = "<group>"; };
		AB853FAE19E462110015E76A /* Base */ = {isa = PBXFileReference; lastKnownFileType = file.storyboard; name = Base; path = Base.lproj/Main.storyboard; sourceTree = "<group>"; };
		AB853FB019E462110015E76A /* Images.xcassets */ = {isa = PBXFileReference; lastKnownFileType = folder.assetcatalog; path = Images.xcassets; sourceTree = "<group>"; };
		AB853FB319E462110015E76A /* Base */ = {isa = PBXFileReference; lastKnownFileType = file.xib; name = Base; path = Base.lproj/LaunchScreen.xib; sourceTree = "<group>"; };
		AB853FB919E462110015E76A /* ljz2112_w3101_iosTests.xctest */ = {isa = PBXFileReference; explicitFileType = wrapper.cfbundle; includeInIndex = 0; path = ljz2112_w3101_iosTests.xctest; sourceTree = BUILT_PRODUCTS_DIR; };
		AB853FBE19E462110015E76A /* Info.plist */ = {isa = PBXFileReference; lastKnownFileType = text.plist.xml; path = Info.plist; sourceTree = "<group>"; };
		AB853FBF19E462110015E76A /* ljz2112_w3101_iosTests.m */ = {isa = PBXFileReference; lastKnownFileType = sourcecode.c.objc; path = ljz2112_w3101_iosTests.m; sourceTree = "<group>"; };
/* End PBXFileReference section */

/* Begin PBXFrameworksBuildPhase section */
		AB853F9D19E462110015E76A /* Frameworks */ = {
			isa = PBXFrameworksBuildPhase;
			buildActionMask = 2147483647;
			files = (
			);
			runOnlyForDeploymentPostprocessing = 0;
		};
		AB853FB619E462110015E76A /* Frameworks */ = {
			isa = PBXFrameworksBuildPhase;
			buildActionMask = 2147483647;
			files = (
			);
			runOnlyForDeploymentPostprocessing = 0;
		};
/* End PBXFrameworksBuildPhase section */

/* Begin PBXGroup section */
		AB853F9719E462110015E76A = {
			isa = PBXGroup;
			children = (
				AB853FA219E462110015E76A /* ljz2112_w3101_ios */,
				AB853FBC19E462110015E76A /* ljz2112_w3101_iosTests */,
				AB853FA119E462110015E76A /* Products */,
			);
			sourceTree = "<group>";
		};
		AB853FA119E462110015E76A /* Products */ = {
			isa = PBXGroup;
			children = (
				AB853FA019E462110015E76A /* ljz2112_w3101_ios.app */,
				AB853FB919E462110015E76A /* ljz2112_w3101_iosTests.xctest */,
			);
			name = Products;
			sourceTree = "<group>";
		};
		AB853FA219E462110015E76A /* ljz2112_w3101_ios */ = {
			isa = PBXGroup;
			children = (
				AB853FA719E462110015E76A /* AppDelegate.h */,
				AB853FA819E462110015E76A /* AppDelegate.m */,
				AB853FAA19E462110015E76A /* NoteViewController.h */,
				AB853FAB19E462110015E76A /* NoteViewController.m */,
				AB754AC119FA514500419FCF /* NoteUtilities.h */,
				AB754AC219FA514500419FCF /* NoteUtilities.m */,
				AB754ABB19FA34E000419FCF /* AllNotesViewController.h */,
				AB754ABC19FA34E000419FCF /* AllNotesViewController.m */,
				AB853FAD19E462110015E76A /* Main.storyboard */,
				AB853FB019E462110015E76A /* Images.xcassets */,
				AB853FB219E462110015E76A /* LaunchScreen.xib */,
				AB853FA319E462110015E76A /* Supporting Files */,
				AB7A7F1019FA2ABC00CCA407 /* Note.h */,
				AB7A7F1119FA2ABC00CCA407 /* Note.m */,
				AB113B0019FA5F1700238736 /* NotesIndex.h */,
				AB113B0119FA5F1700238736 /* NotesIndex.m */,
			);
			path = ljz2112_w3101_ios;
			sourceTree = "<group>";
		};
		AB853FA319E462110015E76A /* Supporting Files */ = {
			isa = PBXGroup;
			children = (
				AB853FA419E462110015E76A /* Info.plist */,
				AB853FA519E462110015E76A /* main.m */,
			);
			name = "Supporting Files";
			sourceTree = "<group>";
		};
		AB853FBC19E462110015E76A /* ljz2112_w3101_iosTests */ = {
			isa = PBXGroup;
			children = (
				AB853FBF19E462110015E76A /* ljz2112_w3101_iosTests.m */,
				AB853FBD19E462110015E76A /* Supporting Files */,
			);
			path = ljz2112_w3101_iosTests;
			sourceTree = "<group>";
		};
		AB853FBD19E462110015E76A /* Supporting Files */ = {
			isa = PBXGroup;
			children = (
				AB853FBE19E462110015E76A /* Info.plist */,
			);
			name = "Supporting Files";
			sourceTree = "<group>";
		};
/* End PBXGroup section */

/* Begin PBXNativeTarget section */
		AB853F9F19E462110015E76A /* ljz2112_w3101_ios */ = {
			isa = PBXNativeTarget;
			buildConfigurationList = AB853FC319E462110015E76A /* Build configuration list for PBXNativeTarget "ljz2112_w3101_ios" */;
			buildPhases = (
				AB853F9C19E462110015E76A /* Sources */,
				AB853F9D19E462110015E76A /* Frameworks */,
				AB853F9E19E462110015E76A /* Resources */,
			);
			buildRules = (
			);
			dependencies = (
			);
			name = ljz2112_w3101_ios;
			productName = ljz2112_w3101_ios;
			productReference = AB853FA019E462110015E76A /* ljz2112_w3101_ios.app */;
			productType = "com.apple.product-type.application";
		};
		AB853FB819E462110015E76A /* ljz2112_w3101_iosTests */ = {
			isa = PBXNativeTarget;
			buildConfigurationList = AB853FC619E462110015E76A /* Build configuration list for PBXNativeTarget "ljz2112_w3101_iosTests" */;
			buildPhases = (
				AB853FB519E462110015E76A /* Sources */,
				AB853FB619E462110015E76A /* Frameworks */,
				AB853FB719E462110015E76A /* Resources */,
			);
			buildRules = (
			);
			dependencies = (
				AB853FBB19E462110015E76A /* PBXTargetDependency */,
			);
			name = ljz2112_w3101_iosTests;
			productName = ljz2112_w3101_iosTests;
			productReference = AB853FB919E462110015E76A /* ljz2112_w3101_iosTests.xctest */;
			productType = "com.apple.product-type.bundle.unit-test";
		};
/* End PBXNativeTarget section */

/* Begin PBXProject section */
		AB853F9819E462110015E76A /* Project object */ = {
			isa = PBXProject;
			attributes = {
				LastUpgradeCheck = 0600;
				ORGANIZATIONNAME = "Lauren Zou";
				TargetAttributes = {
					AB853F9F19E462110015E76A = {
						CreatedOnToolsVersion = 6.0;
					};
					AB853FB819E462110015E76A = {
						CreatedOnToolsVersion = 6.0;
						TestTargetID = AB853F9F19E462110015E76A;
					};
				};
			};
			buildConfigurationList = AB853F9B19E462110015E76A /* Build configuration list for PBXProject "ljz2112_w3101_ios" */;
			compatibilityVersion = "Xcode 3.2";
			developmentRegion = English;
			hasScannedForEncodings = 0;
			knownRegions = (
				en,
				Base,
			);
			mainGroup = AB853F9719E462110015E76A;
			productRefGroup = AB853FA119E462110015E76A /* Products */;
			projectDirPath = "";
			projectRoot = "";
			targets = (
				AB853F9F19E462110015E76A /* ljz2112_w3101_ios */,
				AB853FB819E462110015E76A /* ljz2112_w3101_iosTests */,
			);
		};
/* End PBXProject section */

/* Begin PBXResourcesBuildPhase section */
		AB853F9E19E462110015E76A /* Resources */ = {
			isa = PBXResourcesBuildPhase;
			buildActionMask = 2147483647;
			files = (
				AB853FAF19E462110015E76A /* Main.storyboard in Resources */,
				AB853FB419E462110015E76A /* LaunchScreen.xib in Resources */,
				AB853FB119E462110015E76A /* Images.xcassets in Resources */,
			);
			runOnlyForDeploymentPostprocessing = 0;
		};
		AB853FB719E462110015E76A /* Resources */ = {
			isa = PBXResourcesBuildPhase;
			buildActionMask = 2147483647;
			files = (
			);
			runOnlyForDeploymentPostprocessing = 0;
		};
/* End PBXResourcesBuildPhase section */

/* Begin PBXSourcesBuildPhase section */
		AB853F9C19E462110015E76A /* Sources */ = {
			isa = PBXSourcesBuildPhase;
			buildActionMask = 2147483647;
			files = (
				AB113B0219FA5F1700238736 /* NotesIndex.m in Sources */,
				AB853FAC19E462110015E76A /* NoteViewController.m in Sources */,
				AB853FA919E462110015E76A /* AppDelegate.m in Sources */,
				AB754AC319FA514500419FCF /* NoteUtilities.m in Sources */,
				AB754ABD19FA34E000419FCF /* AllNotesViewController.m in Sources */,
				AB853FA619E462110015E76A /* main.m in Sources */,
				AB7A7F1219FA2ABC00CCA407 /* Note.m in Sources */,
			);
			runOnlyForDeploymentPostprocessing = 0;
		};
		AB853FB519E462110015E76A /* Sources */ = {
			isa = PBXSourcesBuildPhase;
			buildActionMask = 2147483647;
			files = (
				AB853FC019E462110015E76A /* ljz2112_w3101_iosTests.m in Sources */,
			);
			runOnlyForDeploymentPostprocessing = 0;
		};
/* End PBXSourcesBuildPhase section */

/* Begin PBXTargetDependency section */
		AB853FBB19E462110015E76A /* PBXTargetDependency */ = {
			isa = PBXTargetDependency;
			target = AB853F9F19E462110015E76A /* ljz2112_w3101_ios */;
			targetProxy = AB853FBA19E462110015E76A /* PBXContainerItemProxy */;
		};
/* End PBXTargetDependency section */

/* Begin PBXVariantGroup section */
		AB853FAD19E462110015E76A /* Main.storyboard */ = {
			isa = PBXVariantGroup;
			children = (
				AB853FAE19E462110015E76A /* Base */,
			);
			name = Main.storyboard;
			sourceTree = "<group>";
		};
		AB853FB219E462110015E76A /* LaunchScreen.xib */ = {
			isa = PBXVariantGroup;
			children = (
				AB853FB319E462110015E76A /* Base */,
			);
			name = LaunchScreen.xib;
			sourceTree = "<group>";
		};
/* End PBXVariantGroup section */

/* Begin XCBuildConfiguration section */
		AB853FC119E462110015E76A /* Debug */ = {
			isa = XCBuildConfiguration;
			buildSettings = {
				ALWAYS_SEARCH_USER_PATHS = NO;
				CLANG_CXX_LANGUAGE_STANDARD = "gnu++0x";
				CLANG_CXX_LIBRARY = "libc++";
				CLANG_ENABLE_MODULES = YES;
				CLANG_ENABLE_OBJC_ARC = YES;
				CLANG_WARN_BOOL_CONVERSION = YES;
				CLANG_WARN_CONSTANT_CONVERSION = YES;
				CLANG_WARN_DIRECT_OBJC_ISA_USAGE = YES_ERROR;
				CLANG_WARN_EMPTY_BODY = YES;
				CLANG_WARN_ENUM_CONVERSION = YES;
				CLANG_WARN_INT_CONVERSION = YES;
				CLANG_WARN_OBJC_ROOT_CLASS = YES_ERROR;
				CLANG_WARN_UNREACHABLE_CODE = YES;
				CLANG_WARN__DUPLICATE_METHOD_MATCH = YES;
				"CODE_SIGN_IDENTITY[sdk=iphoneos*]" = "iPhone Developer";
				COPY_PHASE_STRIP = NO;
				ENABLE_STRICT_OBJC_MSGSEND = YES;
				GCC_C_LANGUAGE_STANDARD = gnu99;
				GCC_DYNAMIC_NO_PIC = NO;
				GCC_OPTIMIZATION_LEVEL = 0;
				GCC_PREPROCESSOR_DEFINITIONS = (
					"DEBUG=1",
					"$(inherited)",
				);
				GCC_SYMBOLS_PRIVATE_EXTERN = NO;
				GCC_WARN_64_TO_32_BIT_CONVERSION = YES;
				GCC_WARN_ABOUT_RETURN_TYPE = YES_ERROR;
				GCC_WARN_UNDECLARED_SELECTOR = YES;
				GCC_WARN_UNINITIALIZED_AUTOS = YES_AGGRESSIVE;
				GCC_WARN_UNUSED_FUNCTION = YES;
				GCC_WARN_UNUSED_VARIABLE = YES;
				IPHONEOS_DEPLOYMENT_TARGET = 8.0;
				MTL_ENABLE_DEBUG_INFO = YES;
				ONLY_ACTIVE_ARCH = YES;
				SDKROOT = iphoneos;
			};
			name = Debug;
		};
		AB853FC219E462110015E76A /* Release */ = {
			isa = XCBuildConfiguration;
			buildSettings = {
				ALWAYS_SEARCH_USER_PATHS = NO;
				CLANG_CXX_LANGUAGE_STANDARD = "gnu++0x";
				CLANG_CXX_LIBRARY = "libc++";
				CLANG_ENABLE_MODULES = YES;
				CLANG_ENABLE_OBJC_ARC = YES;
				CLANG_WARN_BOOL_CONVERSION = YES;
				CLANG_WARN_CONSTANT_CONVERSION = YES;
				CLANG_WARN_DIRECT_OBJC_ISA_USAGE = YES_ERROR;
				CLANG_WARN_EMPTY_BODY = YES;
				CLANG_WARN_ENUM_CONVERSION = YES;
				CLANG_WARN_INT_CONVERSION = YES;
				CLANG_WARN_OBJC_ROOT_CLASS = YES_ERROR;
				CLANG_WARN_UNREACHABLE_CODE = YES;
				CLANG_WARN__DUPLICATE_METHOD_MATCH = YES;
				"CODE_SIGN_IDENTITY[sdk=iphoneos*]" = "iPhone Developer";
				COPY_PHASE_STRIP = YES;
				ENABLE_NS_ASSERTIONS = NO;
				ENABLE_STRICT_OBJC_MSGSEND = YES;
				GCC_C_LANGUAGE_STANDARD = gnu99;
				GCC_WARN_64_TO_32_BIT_CONVERSION = YES;
				GCC_WARN_ABOUT_RETURN_TYPE = YES_ERROR;
				GCC_WARN_UNDECLARED_SELECTOR = YES;
				GCC_WARN_UNINITIALIZED_AUTOS = YES_AGGRESSIVE;
				GCC_WARN_UNUSED_FUNCTION = YES;
				GCC_WARN_UNUSED_VARIABLE = YES;
				IPHONEOS_DEPLOYMENT_TARGET = 8.0;
				MTL_ENABLE_DEBUG_INFO = NO;
				SDKROOT = iphoneos;
				VALIDATE_PRODUCT = YES;
			};
			name = Release;
		};
		AB853FC419E462110015E76A /* Debug */ = {
			isa = XCBuildConfiguration;
			buildSettings = {
				ASSETCATALOG_COMPILER_APPICON_NAME = AppIcon;
				INFOPLIST_FILE = ljz2112_w3101_ios/Info.plist;
				LD_RUNPATH_SEARCH_PATHS = "$(inherited) @executable_path/Frameworks";
				PRODUCT_NAME = "$(TARGET_NAME)";
			};
			name = Debug;
		};
		AB853FC519E462110015E76A /* Release */ = {
			isa = XCBuildConfiguration;
			buildSettings = {
				ASSETCATALOG_COMPILER_APPICON_NAME = AppIcon;
				INFOPLIST_FILE = ljz2112_w3101_ios/Info.plist;
				LD_RUNPATH_SEARCH_PATHS = "$(inherited) @executable_path/Frameworks";
				PRODUCT_NAME = "$(TARGET_NAME)";
			};
			name = Release;
		};
		AB853FC719E462110015E76A /* Debug */ = {
			isa = XCBuildConfiguration;
			buildSettings = {
				BUNDLE_LOADER = "$(TEST_HOST)";
				FRAMEWORK_SEARCH_PATHS = (
					"$(SDKROOT)/Developer/Library/Frameworks",
					"$(inherited)",
				);
				GCC_PREPROCESSOR_DEFINITIONS = (
					"DEBUG=1",
					"$(inherited)",
				);
				INFOPLIST_FILE = ljz2112_w3101_iosTests/Info.plist;
				LD_RUNPATH_SEARCH_PATHS = "$(inherited) @executable_path/Frameworks @loader_path/Frameworks";
				PRODUCT_NAME = "$(TARGET_NAME)";
				TEST_HOST = "$(BUILT_PRODUCTS_DIR)/ljz2112_w3101_ios.app/ljz2112_w3101_ios";
			};
			name = Debug;
		};
		AB853FC819E462110015E76A /* Release */ = {
			isa = XCBuildConfiguration;
			buildSettings = {
				BUNDLE_LOADER = "$(TEST_HOST)";
				FRAMEWORK_SEARCH_PATHS = (
					"$(SDKROOT)/Developer/Library/Frameworks",
					"$(inherited)",
				);
				INFOPLIST_FILE = ljz2112_w3101_iosTests/Info.plist;
				LD_RUNPATH_SEARCH_PATHS = "$(inherited) @executable_path/Frameworks @loader_path/Frameworks";
				PRODUCT_NAME = "$(TARGET_NAME)";
				TEST_HOST = "$(BUILT_PRODUCTS_DIR)/ljz2112_w3101_ios.app/ljz2112_w3101_ios";
			};
			name = Release;
		};
/* End XCBuildConfiguration section */

/* Begin XCConfigurationList section */
		AB853F9B19E462110015E76A /* Build configuration list for PBXProject "ljz2112_w3101_ios" */ = {
			isa = XCConfigurationList;
			buildConfigurations = (
				AB853FC119E462110015E76A /* Debug */,
				AB853FC219E462110015E76A /* Release */,
			);
			defaultConfigurationIsVisible = 0;
			defaultConfigurationName = Release;
		};
		AB853FC319E462110015E76A /* Build configuration list for PBXNativeTarget "ljz2112_w3101_ios" */ = {
			isa = XCConfigurationList;
			buildConfigurations = (
				AB853FC419E462110015E76A /* Debug */,
				AB853FC519E462110015E76A /* Release */,
			);
			defaultConfigurationIsVisible = 0;
			defaultConfigurationName = Release;
		};
		AB853FC619E462110015E76A /* Build configuration list for PBXNativeTarget "ljz2112_w3101_iosTests" */ = {
			isa = XCConfigurationList;
			buildConfigurations = (
				AB853FC719E462110015E76A /* Debug */,
				AB853FC819E462110015E76A /* Release */,
			);
			defaultConfigurationIsVisible = 0;
			defaultConfigurationName = Release;
		};
/* End XCConfigurationList section */
	};
	rootObject = AB853F9819E462110015E76A /* Project object */;
}
